
Microsoft Visual Studio Solution File, Format Version 12.00
# Visual Studio Version 17
VisualStudioVersion = 17.6.33829.357
MinimumVisualStudioVersion = 10.0.40219.1
Project("{9A19103F-16F7-4668-BE54-9A1E7A4F7556}") = "WpfProductManagement", "WpfProductManagement\WpfProductManagement.csproj", "{6EDFCEA0-5620-453F-8473-F6EF1F6C2AEF}"
EndProject
Project("{FAE04EC0-301F-11D3-BF4B-00C04F79EFBC}") = "DataAccess", "DataAccess\DataAccess.csproj", "{D9E5FB2A-D69F-4B7B-A6F7-BCD8B470B271}"
EndProject
Global
	GlobalSection(SolutionConfigurationPlatforms) = preSolution
		Debug|Any CPU = Debug|Any CPU
		Release|Any CPU = Release|Any CPU
	EndGlobalSection
	GlobalSection(ProjectConfigurationPlatforms) = postSolution
		{6EDFCEA0-5620-453F-8473-F6EF1F6C2AEF}.Debug|Any CPU.ActiveCfg = Debug|Any CPU
		{6EDFCEA0-5620-453F-8473-F6EF1F6C2AEF}.Debug|Any CPU.Build.0 = Debug|Any CPU
		{6EDFCEA0-5620-453F-8473-F6EF1F6C2AEF}.Release|Any CPU.ActiveCfg = Release|Any CPU
		{6EDFCEA0-5620-453F-8473-F6EF1F6C2AEF}.Release|Any CPU.Build.0 = Release|Any CPU
		{D9E5FB2A-D69F-4B7B-A6F7-BCD8B470B271}.Debug|Any CPU.ActiveCfg = Debug|Any CPU
		{D9E5FB2A-D69F-4B7B-A6F7-BCD8B470B271}.Debug|Any CPU.Build.0 = Debug|Any CPU
		{D9E5FB2A-D69F-4B7B-A6F7-BCD8B470B271}.Release|Any CPU.ActiveCfg = Release|Any CPU
		{D9E5FB2A-D69F-4B7B-A6F7-BCD8B470B271}.Release|Any CPU.Build.0 = Release|Any CPU
	EndGlobalSection
	GlobalSection(SolutionProperties) = preSolution
		HideSolutionNode = FALSE
	EndGlobalSection
	GlobalSection(ExtensibilityGlobals) = postSolution
		SolutionGuid = {87D3237E-E53C-4534-879F-99CC74682E7E}
	EndGlobalSection
EndGlobal
